
Microsoft Visual Studio Solution File, Format Version 12.00
# Visual Studio 15
VisualStudioVersion = 15.0.27130.2027
MinimumVisualStudioVersion = 10.0.40219.1
Project("{FAE04EC0-301F-11D3-BF4B-00C04F79EFBC}") = "GraphicSort", "GraphicSort\GraphicSort.csproj", "{69E50ADC-83D7-4FB1-98DA-11D3FB27A0F1}"
EndProject
Global
	GlobalSection(SolutionConfigurationPlatforms) = preSolution
		Debug|Any CPU = Debug|Any CPU
		Release|Any CPU = Release|Any CPU
	EndGlobalSection
	GlobalSection(ProjectConfigurationPlatforms) = postSolution
		{69E50ADC-83D7-4FB1-98DA-11D3FB27A0F1}.Debug|Any CPU.ActiveCfg = Debug|Any CPU
		{69E50ADC-83D7-4FB1-98DA-11D3FB27A0F1}.Debug|Any CPU.Build.0 = Debug|Any CPU
		{69E50ADC-83D7-4FB1-98DA-11D3FB27A0F1}.Release|Any CPU.ActiveCfg = Release|Any CPU
		{69E50ADC-83D7-4FB1-98DA-11D3FB27A0F1}.Release|Any CPU.Build.0 = Release|Any CPU
	EndGlobalSection
	GlobalSection(SolutionProperties) = preSolution
		HideSolutionNode = FALSE
	EndGlobalSection
	GlobalSection(ExtensibilityGlobals) = postSolution
		SolutionGuid = {32F21D23-6E60-4813-A318-5B35804ED413}
	EndGlobalSection
EndGlobal
